
Microsoft Visual Studio Solution File, Format Version 12.00
# Visual Studio Version 17
VisualStudioVersion = 17.1.32328.378
MinimumVisualStudioVersion = 10.0.40219.1
Project("{9A19103F-16F7-4668-BE54-9A1E7A4F7556}") = "WebApplication4", "WebApplication4.csproj", "{D37C63D7-9419-4A86-B424-3A0657E4C70C}"
EndProject
Global
	GlobalSection(SolutionConfigurationPlatforms) = preSolution
		Debug|Any CPU = Debug|Any CPU
		Release|Any CPU = Release|Any CPU
	EndGlobalSection
	GlobalSection(ProjectConfigurationPlatforms) = postSolution
		{D37C63D7-9419-4A86-B424-3A0657E4C70C}.Debug|Any CPU.ActiveCfg = Debug|Any CPU
		{D37C63D7-9419-4A86-B424-3A0657E4C70C}.Debug|Any CPU.Build.0 = Debug|Any CPU
		{D37C63D7-9419-4A86-B424-3A0657E4C70C}.Release|Any CPU.ActiveCfg = Release|Any CPU
		{D37C63D7-9419-4A86-B424-3A0657E4C70C}.Release|Any CPU.Build.0 = Release|Any CPU
	EndGlobalSection
	GlobalSection(SolutionProperties) = preSolution
		HideSolutionNode = FALSE
	EndGlobalSection
	GlobalSection(ExtensibilityGlobals) = postSolution
		SolutionGuid = {686D4952-B0D5-43EF-B2CE-56110709008D}
	EndGlobalSection
EndGlobal
