
Microsoft Visual Studio Solution File, Format Version 12.00
# Visual Studio Version 16
VisualStudioVersion = 16.0.30717.126
MinimumVisualStudioVersion = 10.0.40219.1
Project("{FAE04EC0-301F-11D3-BF4B-00C04F79EFBC}") = "WebApplication2", "WebApplication2\WebApplication2.csproj", "{CF309191-CE02-414D-9F50-5AE727CA3F36}"
EndProject
Global
	GlobalSection(SolutionConfigurationPlatforms) = preSolution
		Debug|Any CPU = Debug|Any CPU
		Release|Any CPU = Release|Any CPU
	EndGlobalSection
	GlobalSection(ProjectConfigurationPlatforms) = postSolution
		{CF309191-CE02-414D-9F50-5AE727CA3F36}.Debug|Any CPU.ActiveCfg = Debug|Any CPU
		{CF309191-CE02-414D-9F50-5AE727CA3F36}.Debug|Any CPU.Build.0 = Debug|Any CPU
		{CF309191-CE02-414D-9F50-5AE727CA3F36}.Release|Any CPU.ActiveCfg = Release|Any CPU
		{CF309191-CE02-414D-9F50-5AE727CA3F36}.Release|Any CPU.Build.0 = Release|Any CPU
	EndGlobalSection
	GlobalSection(SolutionProperties) = preSolution
		HideSolutionNode = FALSE
	EndGlobalSection
	GlobalSection(ExtensibilityGlobals) = postSolution
		SolutionGuid = {14ED483D-5C18-4B1C-87CD-A1D8F1B5004D}
	EndGlobalSection
EndGlobal
