
Microsoft Visual Studio Solution File, Format Version 12.00
# Visual Studio Version 16
VisualStudioVersion = 16.0.30717.126
MinimumVisualStudioVersion = 10.0.40219.1
Project("{9A19103F-16F7-4668-BE54-9A1E7A4F7556}") = "Loop", "Loop.csproj", "{541E9A13-F51D-4912-8497-14852EFF17E8}"
EndProject
Global
	GlobalSection(SolutionConfigurationPlatforms) = preSolution
		Debug|Any CPU = Debug|Any CPU
		Release|Any CPU = Release|Any CPU
	EndGlobalSection
	GlobalSection(ProjectConfigurationPlatforms) = postSolution
		{541E9A13-F51D-4912-8497-14852EFF17E8}.Debug|Any CPU.ActiveCfg = Debug|Any CPU
		{541E9A13-F51D-4912-8497-14852EFF17E8}.Debug|Any CPU.Build.0 = Debug|Any CPU
		{541E9A13-F51D-4912-8497-14852EFF17E8}.Release|Any CPU.ActiveCfg = Release|Any CPU
		{541E9A13-F51D-4912-8497-14852EFF17E8}.Release|Any CPU.Build.0 = Release|Any CPU
	EndGlobalSection
	GlobalSection(SolutionProperties) = preSolution
		HideSolutionNode = FALSE
	EndGlobalSection
	GlobalSection(ExtensibilityGlobals) = postSolution
		SolutionGuid = {EAE18A10-F7DE-46C9-AD79-6F0F91C8ECB8}
	EndGlobalSection
EndGlobal
