
Microsoft Visual Studio Solution File, Format Version 12.00
# Visual Studio Version 16
VisualStudioVersion = 16.0.30717.126
MinimumVisualStudioVersion = 10.0.40219.1
Project("{FAE04EC0-301F-11D3-BF4B-00C04F79EFBC}") = "Scallfolding", "Scallfolding\Scallfolding.csproj", "{798C1533-1EAE-4577-B49E-C546B5891A9F}"
EndProject
Global
	GlobalSection(SolutionConfigurationPlatforms) = preSolution
		Debug|Any CPU = Debug|Any CPU
		Release|Any CPU = Release|Any CPU
	EndGlobalSection
	GlobalSection(ProjectConfigurationPlatforms) = postSolution
		{798C1533-1EAE-4577-B49E-C546B5891A9F}.Debug|Any CPU.ActiveCfg = Debug|Any CPU
		{798C1533-1EAE-4577-B49E-C546B5891A9F}.Debug|Any CPU.Build.0 = Debug|Any CPU
		{798C1533-1EAE-4577-B49E-C546B5891A9F}.Release|Any CPU.ActiveCfg = Release|Any CPU
		{798C1533-1EAE-4577-B49E-C546B5891A9F}.Release|Any CPU.Build.0 = Release|Any CPU
	EndGlobalSection
	GlobalSection(SolutionProperties) = preSolution
		HideSolutionNode = FALSE
	EndGlobalSection
	GlobalSection(ExtensibilityGlobals) = postSolution
		SolutionGuid = {E3D7CCF1-7B2C-4942-89CC-C40EFE267313}
	EndGlobalSection
EndGlobal
