
Microsoft Visual Studio Solution File, Format Version 12.00
# Visual Studio Version 16
VisualStudioVersion = 16.0.30717.126
MinimumVisualStudioVersion = 10.0.40219.1
Project("{9A19103F-16F7-4668-BE54-9A1E7A4F7556}") = "Chapter3", "Chapter3.csproj", "{FA843951-07DC-48AA-AD40-56DDEB80E1DB}"
EndProject
Global
	GlobalSection(SolutionConfigurationPlatforms) = preSolution
		Debug|Any CPU = Debug|Any CPU
		Release|Any CPU = Release|Any CPU
	EndGlobalSection
	GlobalSection(ProjectConfigurationPlatforms) = postSolution
		{FA843951-07DC-48AA-AD40-56DDEB80E1DB}.Debug|Any CPU.ActiveCfg = Debug|Any CPU
		{FA843951-07DC-48AA-AD40-56DDEB80E1DB}.Debug|Any CPU.Build.0 = Debug|Any CPU
		{FA843951-07DC-48AA-AD40-56DDEB80E1DB}.Release|Any CPU.ActiveCfg = Release|Any CPU
		{FA843951-07DC-48AA-AD40-56DDEB80E1DB}.Release|Any CPU.Build.0 = Release|Any CPU
	EndGlobalSection
	GlobalSection(SolutionProperties) = preSolution
		HideSolutionNode = FALSE
	EndGlobalSection
	GlobalSection(ExtensibilityGlobals) = postSolution
		SolutionGuid = {F2C56FC4-A017-479A-817A-4F803483D557}
	EndGlobalSection
EndGlobal
